
Microsoft Visual Studio Solution File, Format Version 12.00
# Visual Studio Version 16
VisualStudioVersion = 16.0.30128.74
MinimumVisualStudioVersion = 10.0.40219.1
Project("{FAE04EC0-301F-11D3-BF4B-00C04F79EFBC}") = "CRUD", "CRUD\CRUD.csproj", "{9D7B9A02-D821-44E1-917E-6755672C8B03}"
EndProject
Global
	GlobalSection(SolutionConfigurationPlatforms) = preSolution
		Debug|Any CPU = Debug|Any CPU
		Release|Any CPU = Release|Any CPU
	EndGlobalSection
	GlobalSection(ProjectConfigurationPlatforms) = postSolution
		{9D7B9A02-D821-44E1-917E-6755672C8B03}.Debug|Any CPU.ActiveCfg = Debug|Any CPU
		{9D7B9A02-D821-44E1-917E-6755672C8B03}.Debug|Any CPU.Build.0 = Debug|Any CPU
		{9D7B9A02-D821-44E1-917E-6755672C8B03}.Release|Any CPU.ActiveCfg = Release|Any CPU
		{9D7B9A02-D821-44E1-917E-6755672C8B03}.Release|Any CPU.Build.0 = Release|Any CPU
	EndGlobalSection
	GlobalSection(SolutionProperties) = preSolution
		HideSolutionNode = FALSE
	EndGlobalSection
	GlobalSection(ExtensibilityGlobals) = postSolution
		SolutionGuid = {BA74CC34-1AB0-4DEA-BC2D-7C47FAB3E5A4}
	EndGlobalSection
EndGlobal
